
Microsoft Visual Studio Solution File, Format Version 12.00
# Visual Studio Version 16
VisualStudioVersion = 16.0.31515.178
MinimumVisualStudioVersion = 10.0.40219.1
Project("{778DAE3C-4631-46EA-AA77-85C1314464D9}") = "practiceProject", "practiceProject.vbproj", "{907AE45E-8361-4F8C-9135-6ADFDD362FA3}"
EndProject
Global
	GlobalSection(SolutionConfigurationPlatforms) = preSolution
		Debug|Any CPU = Debug|Any CPU
		Release|Any CPU = Release|Any CPU
	EndGlobalSection
	GlobalSection(ProjectConfigurationPlatforms) = postSolution
		{907AE45E-8361-4F8C-9135-6ADFDD362FA3}.Debug|Any CPU.ActiveCfg = Debug|Any CPU
		{907AE45E-8361-4F8C-9135-6ADFDD362FA3}.Debug|Any CPU.Build.0 = Debug|Any CPU
		{907AE45E-8361-4F8C-9135-6ADFDD362FA3}.Release|Any CPU.ActiveCfg = Release|Any CPU
		{907AE45E-8361-4F8C-9135-6ADFDD362FA3}.Release|Any CPU.Build.0 = Release|Any CPU
	EndGlobalSection
	GlobalSection(SolutionProperties) = preSolution
		HideSolutionNode = FALSE
	EndGlobalSection
	GlobalSection(ExtensibilityGlobals) = postSolution
		SolutionGuid = {2B7C357A-DE15-4C2D-AEF6-14CE4BFD1C47}
	EndGlobalSection
EndGlobal
